
Microsoft Visual Studio Solution File, Format Version 12.00
# Visual Studio Version 17
VisualStudioVersion = 17.11.35327.3
MinimumVisualStudioVersion = 10.0.40219.1
Project("{FAE04EC0-301F-11D3-BF4B-00C04F79EFBC}") = "PROG2070Assignment2", "PROG2070Assignment2.csproj", "{95800D86-56F8-41BA-9CAA-679806210758}"
EndProject
Global
	GlobalSection(SolutionConfigurationPlatforms) = preSolution
		Debug|Any CPU = Debug|Any CPU
		Release|Any CPU = Release|Any CPU
	EndGlobalSection
	GlobalSection(ProjectConfigurationPlatforms) = postSolution
		{95800D86-56F8-41BA-9CAA-679806210758}.Debug|Any CPU.ActiveCfg = Debug|Any CPU
		{95800D86-56F8-41BA-9CAA-679806210758}.Debug|Any CPU.Build.0 = Debug|Any CPU
		{95800D86-56F8-41BA-9CAA-679806210758}.Release|Any CPU.ActiveCfg = Release|Any CPU
		{95800D86-56F8-41BA-9CAA-679806210758}.Release|Any CPU.Build.0 = Release|Any CPU
	EndGlobalSection
	GlobalSection(SolutionProperties) = preSolution
		HideSolutionNode = FALSE
	EndGlobalSection
	GlobalSection(ExtensibilityGlobals) = postSolution
		SolutionGuid = {A0F1EFF8-E330-4323-AAD9-C54EF3F4F265}
	EndGlobalSection
EndGlobal
